
Microsoft Visual Studio Solution File, Format Version 12.00
# Visual Studio Version 16
VisualStudioVersion = 16.0.30523.141
MinimumVisualStudioVersion = 10.0.40219.1
Project("{FAE04EC0-301F-11D3-BF4B-00C04F79EFBC}") = "BELLITSupportSystem", "BELLITSupportSystem\BELLITSupportSystem.csproj", "{E73F4742-28B3-4698-B9D5-B3B58232573B}"
	ProjectSection(ProjectDependencies) = postProject
		{10A9020C-C026-4591-91E2-6A052EAC2307} = {10A9020C-C026-4591-91E2-6A052EAC2307}
	EndProjectSection
EndProject
Project("{FAE04EC0-301F-11D3-BF4B-00C04F79EFBC}") = "BELLITSupportSystemServices", "BELLITSupportSystemServices\BELLITSupportSystemServices.csproj", "{10A9020C-C026-4591-91E2-6A052EAC2307}"
EndProject
Global
	GlobalSection(SolutionConfigurationPlatforms) = preSolution
		Debug|Any CPU = Debug|Any CPU
		Release|Any CPU = Release|Any CPU
	EndGlobalSection
	GlobalSection(ProjectConfigurationPlatforms) = postSolution
		{E73F4742-28B3-4698-B9D5-B3B58232573B}.Debug|Any CPU.ActiveCfg = Debug|Any CPU
		{E73F4742-28B3-4698-B9D5-B3B58232573B}.Debug|Any CPU.Build.0 = Debug|Any CPU
		{E73F4742-28B3-4698-B9D5-B3B58232573B}.Release|Any CPU.ActiveCfg = Release|Any CPU
		{E73F4742-28B3-4698-B9D5-B3B58232573B}.Release|Any CPU.Build.0 = Release|Any CPU
		{10A9020C-C026-4591-91E2-6A052EAC2307}.Debug|Any CPU.ActiveCfg = Debug|Any CPU
		{10A9020C-C026-4591-91E2-6A052EAC2307}.Debug|Any CPU.Build.0 = Debug|Any CPU
		{10A9020C-C026-4591-91E2-6A052EAC2307}.Release|Any CPU.ActiveCfg = Release|Any CPU
		{10A9020C-C026-4591-91E2-6A052EAC2307}.Release|Any CPU.Build.0 = Release|Any CPU
	EndGlobalSection
	GlobalSection(SolutionProperties) = preSolution
		HideSolutionNode = FALSE
	EndGlobalSection
	GlobalSection(ExtensibilityGlobals) = postSolution
		SolutionGuid = {5AC36BAA-8A95-4FEE-A8E5-CB8FD36A7207}
	EndGlobalSection
EndGlobal
